// !$*UTF8*$!
{
	archiveVersion = 1;
	classes = {
	};
	objectVersion = 56;
	objects = {

/* Begin PBXBuildFile section */
		0C9082CA28FD4F1900538463 /* ColorExtension.swift in Sources */ = {isa = PBXBuildFile; fileRef = 0C9082C928FD4F1900538463 /* ColorExtension.swift */; };
		0C9082D028FD53C700538463 /* HomeView.swift in Sources */ = {isa = PBXBuildFile; fileRef = 0C9082CF28FD53C700538463 /* HomeView.swift */; };
		0C9082D428FD54CF00538463 /* CircleButtonView.swift in Sources */ = {isa = PBXBuildFile; fileRef = 0C9082D328FD54CF00538463 /* CircleButtonView.swift */; };
		0C9082D628FD5A1200538463 /* CircleButtonAnimationView.swift in Sources */ = {isa = PBXBuildFile; fileRef = 0C9082D528FD5A1200538463 /* CircleButtonAnimationView.swift */; };
		0C9082DE28FD647B00538463 /* CoinModel.swift in Sources */ = {isa = PBXBuildFile; fileRef = 0C9082D828FD647B00538463 /* CoinModel.swift */; };
		0C9082DF28FD647B00538463 /* MarketDataModel.swift in Sources */ = {isa = PBXBuildFile; fileRef = 0C9082D928FD647B00538463 /* MarketDataModel.swift */; };
		0C9082E028FD647B00538463 /* PortfolioContainer.xcdatamodeld in Sources */ = {isa = PBXBuildFile; fileRef = 0C9082DA28FD647B00538463 /* PortfolioContainer.xcdatamodeld */; };
		0C9082E128FD647B00538463 /* StatisticModel.swift in Sources */ = {isa = PBXBuildFile; fileRef = 0C9082DC28FD647B00538463 /* StatisticModel.swift */; };
		0C9082E228FD647B00538463 /* CoinDetailModel.swift in Sources */ = {isa = PBXBuildFile; fileRef = 0C9082DD28FD647B00538463 /* CoinDetailModel.swift */; };
		0C9082E428FD65EE00538463 /* CoinRowView.swift in Sources */ = {isa = PBXBuildFile; fileRef = 0C9082E328FD65EE00538463 /* CoinRowView.swift */; };
		0C9082E628FD663300538463 /* PreviewProvider.swift in Sources */ = {isa = PBXBuildFile; fileRef = 0C9082E528FD663300538463 /* PreviewProvider.swift */; };
		0C9082E828FD66A200538463 /* HomeViewModel.swift in Sources */ = {isa = PBXBuildFile; fileRef = 0C9082E728FD66A200538463 /* HomeViewModel.swift */; };
		0C9082ED28FD694400538463 /* UIApplication.swift in Sources */ = {isa = PBXBuildFile; fileRef = 0C9082E928FD694300538463 /* UIApplication.swift */; };
		0C9082EE28FD694400538463 /* Double.swift in Sources */ = {isa = PBXBuildFile; fileRef = 0C9082EA28FD694400538463 /* Double.swift */; };
		0C9082EF28FD694400538463 /* Date.swift in Sources */ = {isa = PBXBuildFile; fileRef = 0C9082EB28FD694400538463 /* Date.swift */; };
		0C9082F028FD694400538463 /* String.swift in Sources */ = {isa = PBXBuildFile; fileRef = 0C9082EC28FD694400538463 /* String.swift */; };
		0CBA677528FD4C0700377DF1 /* MZCryptoAppApp.swift in Sources */ = {isa = PBXBuildFile; fileRef = 0CBA677428FD4C0700377DF1 /* MZCryptoAppApp.swift */; };
		0CBA677728FD4C0700377DF1 /* ContentView.swift in Sources */ = {isa = PBXBuildFile; fileRef = 0CBA677628FD4C0700377DF1 /* ContentView.swift */; };
		0CBA677928FD4C0B00377DF1 /* Assets.xcassets in Resources */ = {isa = PBXBuildFile; fileRef = 0CBA677828FD4C0B00377DF1 /* Assets.xcassets */; };
		0CBA677C28FD4C0B00377DF1 /* Preview Assets.xcassets in Resources */ = {isa = PBXBuildFile; fileRef = 0CBA677B28FD4C0B00377DF1 /* Preview Assets.xcassets */; };
/* End PBXBuildFile section */

/* Begin PBXFileReference section */
		0C9082C928FD4F1900538463 /* ColorExtension.swift */ = {isa = PBXFileReference; lastKnownFileType = sourcecode.swift; path = ColorExtension.swift; sourceTree = "<group>"; };
		0C9082CF28FD53C700538463 /* HomeView.swift */ = {isa = PBXFileReference; lastKnownFileType = sourcecode.swift; path = HomeView.swift; sourceTree = "<group>"; };
		0C9082D328FD54CF00538463 /* CircleButtonView.swift */ = {isa = PBXFileReference; lastKnownFileType = sourcecode.swift; path = CircleButtonView.swift; sourceTree = "<group>"; };
		0C9082D528FD5A1200538463 /* CircleButtonAnimationView.swift */ = {isa = PBXFileReference; lastKnownFileType = sourcecode.swift; path = CircleButtonAnimationView.swift; sourceTree = "<group>"; };
		0C9082D828FD647B00538463 /* CoinModel.swift */ = {isa = PBXFileReference; fileEncoding = 4; lastKnownFileType = sourcecode.swift; path = CoinModel.swift; sourceTree = "<group>"; };
		0C9082D928FD647B00538463 /* MarketDataModel.swift */ = {isa = PBXFileReference; fileEncoding = 4; lastKnownFileType = sourcecode.swift; path = MarketDataModel.swift; sourceTree = "<group>"; };
		0C9082DB28FD647B00538463 /* PortfolioContainer.xcdatamodel */ = {isa = PBXFileReference; lastKnownFileType = wrapper.xcdatamodel; path = PortfolioContainer.xcdatamodel; sourceTree = "<group>"; };
		0C9082DC28FD647B00538463 /* StatisticModel.swift */ = {isa = PBXFileReference; fileEncoding = 4; lastKnownFileType = sourcecode.swift; path = StatisticModel.swift; sourceTree = "<group>"; };
		0C9082DD28FD647B00538463 /* CoinDetailModel.swift */ = {isa = PBXFileReference; fileEncoding = 4; lastKnownFileType = sourcecode.swift; path = CoinDetailModel.swift; sourceTree = "<group>"; };
		0C9082E328FD65EE00538463 /* CoinRowView.swift */ = {isa = PBXFileReference; lastKnownFileType = sourcecode.swift; path = CoinRowView.swift; sourceTree = "<group>"; };
		0C9082E528FD663300538463 /* PreviewProvider.swift */ = {isa = PBXFileReference; lastKnownFileType = sourcecode.swift; path = PreviewProvider.swift; sourceTree = "<group>"; };
		0C9082E728FD66A200538463 /* HomeViewModel.swift */ = {isa = PBXFileReference; lastKnownFileType = sourcecode.swift; path = HomeViewModel.swift; sourceTree = "<group>"; };
		0C9082E928FD694300538463 /* UIApplication.swift */ = {isa = PBXFileReference; fileEncoding = 4; lastKnownFileType = sourcecode.swift; path = UIApplication.swift; sourceTree = "<group>"; };
		0C9082EA28FD694400538463 /* Double.swift */ = {isa = PBXFileReference; fileEncoding = 4; lastKnownFileType = sourcecode.swift; path = Double.swift; sourceTree = "<group>"; };
		0C9082EB28FD694400538463 /* Date.swift */ = {isa = PBXFileReference; fileEncoding = 4; lastKnownFileType = sourcecode.swift; path = Date.swift; sourceTree = "<group>"; };
		0C9082EC28FD694400538463 /* String.swift */ = {isa = PBXFileReference; fileEncoding = 4; lastKnownFileType = sourcecode.swift; path = String.swift; sourceTree = "<group>"; };
		0CBA677128FD4C0700377DF1 /* MZCryptoApp.app */ = {isa = PBXFileReference; explicitFileType = wrapper.application; includeInIndex = 0; path = MZCryptoApp.app; sourceTree = BUILT_PRODUCTS_DIR; };
		0CBA677428FD4C0700377DF1 /* MZCryptoAppApp.swift */ = {isa = PBXFileReference; lastKnownFileType = sourcecode.swift; path = MZCryptoAppApp.swift; sourceTree = "<group>"; };
		0CBA677628FD4C0700377DF1 /* ContentView.swift */ = {isa = PBXFileReference; lastKnownFileType = sourcecode.swift; path = ContentView.swift; sourceTree = "<group>"; };
		0CBA677828FD4C0B00377DF1 /* Assets.xcassets */ = {isa = PBXFileReference; lastKnownFileType = folder.assetcatalog; path = Assets.xcassets; sourceTree = "<group>"; };
		0CBA677B28FD4C0B00377DF1 /* Preview Assets.xcassets */ = {isa = PBXFileReference; lastKnownFileType = folder.assetcatalog; path = "Preview Assets.xcassets"; sourceTree = "<group>"; };
/* End PBXFileReference section */

/* Begin PBXFrameworksBuildPhase section */
		0CBA676E28FD4C0700377DF1 /* Frameworks */ = {
			isa = PBXFrameworksBuildPhase;
			buildActionMask = 2147483647;
			files = (
			);
			runOnlyForDeploymentPostprocessing = 0;
		};
/* End PBXFrameworksBuildPhase section */

/* Begin PBXGroup section */
		0C9082C828FD4F0800538463 /* Extensions */ = {
			isa = PBXGroup;
			children = (
				0C9082C928FD4F1900538463 /* ColorExtension.swift */,
				0C9082E528FD663300538463 /* PreviewProvider.swift */,
				0C9082EB28FD694400538463 /* Date.swift */,
				0C9082EA28FD694400538463 /* Double.swift */,
				0C9082EC28FD694400538463 /* String.swift */,
				0C9082E928FD694300538463 /* UIApplication.swift */,
			);
			path = Extensions;
			sourceTree = "<group>";
		};
		0C9082CB28FD53AC00538463 /* Core */ = {
			isa = PBXGroup;
			children = (
				0C9082D128FD54B000538463 /* Components */,
				0C9082CC28FD53B000538463 /* Home */,
			);
			path = Core;
			sourceTree = "<group>";
		};
		0C9082CC28FD53B000538463 /* Home */ = {
			isa = PBXGroup;
			children = (
				0C9082CE28FD53BA00538463 /* ViewModels */,
				0C9082CD28FD53B700538463 /* Views */,
			);
			path = Home;
			sourceTree = "<group>";
		};
		0C9082CD28FD53B700538463 /* Views */ = {
			isa = PBXGroup;
			children = (
				0C9082CF28FD53C700538463 /* HomeView.swift */,
				0C9082E328FD65EE00538463 /* CoinRowView.swift */,
			);
			path = Views;
			sourceTree = "<group>";
		};
		0C9082CE28FD53BA00538463 /* ViewModels */ = {
			isa = PBXGroup;
			children = (
				0C9082E728FD66A200538463 /* HomeViewModel.swift */,
			);
			path = ViewModels;
			sourceTree = "<group>";
		};
		0C9082D128FD54B000538463 /* Components */ = {
			isa = PBXGroup;
			children = (
				0C9082D228FD54B800538463 /* CircleButton */,
			);
			path = Components;
			sourceTree = "<group>";
		};
		0C9082D228FD54B800538463 /* CircleButton */ = {
			isa = PBXGroup;
			children = (
				0C9082D328FD54CF00538463 /* CircleButtonView.swift */,
				0C9082D528FD5A1200538463 /* CircleButtonAnimationView.swift */,
			);
			path = CircleButton;
			sourceTree = "<group>";
		};
		0C9082D728FD647B00538463 /* Models */ = {
			isa = PBXGroup;
			children = (
				0C9082D828FD647B00538463 /* CoinModel.swift */,
				0C9082D928FD647B00538463 /* MarketDataModel.swift */,
				0C9082DA28FD647B00538463 /* PortfolioContainer.xcdatamodeld */,
				0C9082DC28FD647B00538463 /* StatisticModel.swift */,
				0C9082DD28FD647B00538463 /* CoinDetailModel.swift */,
			);
			path = Models;
			sourceTree = "<group>";
		};
		0CBA676828FD4C0700377DF1 = {
			isa = PBXGroup;
			children = (
				0CBA677328FD4C0700377DF1 /* MZCryptoApp */,
				0CBA677228FD4C0700377DF1 /* Products */,
			);
			sourceTree = "<group>";
		};
		0CBA677228FD4C0700377DF1 /* Products */ = {
			isa = PBXGroup;
			children = (
				0CBA677128FD4C0700377DF1 /* MZCryptoApp.app */,
			);
			name = Products;
			sourceTree = "<group>";
		};
		0CBA677328FD4C0700377DF1 /* MZCryptoApp */ = {
			isa = PBXGroup;
			children = (
				0CBA677428FD4C0700377DF1 /* MZCryptoAppApp.swift */,
				0C9082C828FD4F0800538463 /* Extensions */,
				0C9082D728FD647B00538463 /* Models */,
				0C9082CB28FD53AC00538463 /* Core */,
				0CBA677628FD4C0700377DF1 /* ContentView.swift */,
				0CBA677828FD4C0B00377DF1 /* Assets.xcassets */,
				0CBA677A28FD4C0B00377DF1 /* Preview Content */,
			);
			path = MZCryptoApp;
			sourceTree = "<group>";
		};
		0CBA677A28FD4C0B00377DF1 /* Preview Content */ = {
			isa = PBXGroup;
			children = (
				0CBA677B28FD4C0B00377DF1 /* Preview Assets.xcassets */,
			);
			path = "Preview Content";
			sourceTree = "<group>";
		};
/* End PBXGroup section */

/* Begin PBXNativeTarget section */
		0CBA677028FD4C0700377DF1 /* MZCryptoApp */ = {
			isa = PBXNativeTarget;
			buildConfigurationList = 0CBA677F28FD4C0B00377DF1 /* Build configuration list for PBXNativeTarget "MZCryptoApp" */;
			buildPhases = (
				0CBA676D28FD4C0700377DF1 /* Sources */,
				0CBA676E28FD4C0700377DF1 /* Frameworks */,
				0CBA676F28FD4C0700377DF1 /* Resources */,
			);
			buildRules = (
			);
			dependencies = (
			);
			name = MZCryptoApp;
			productName = MZCryptoApp;
			productReference = 0CBA677128FD4C0700377DF1 /* MZCryptoApp.app */;
			productType = "com.apple.product-type.application";
		};
/* End PBXNativeTarget section */

/* Begin PBXProject section */
		0CBA676928FD4C0700377DF1 /* Project object */ = {
			isa = PBXProject;
			attributes = {
				BuildIndependentTargetsInParallel = 1;
				LastSwiftUpdateCheck = 1400;
				LastUpgradeCheck = 1400;
				TargetAttributes = {
					0CBA677028FD4C0700377DF1 = {
						CreatedOnToolsVersion = 14.0.1;
					};
				};
			};
			buildConfigurationList = 0CBA676C28FD4C0700377DF1 /* Build configuration list for PBXProject "MZCryptoApp" */;
			compatibilityVersion = "Xcode 14.0";
			developmentRegion = en;
			hasScannedForEncodings = 0;
			knownRegions = (
				en,
				Base,
			);
			mainGroup = 0CBA676828FD4C0700377DF1;
			productRefGroup = 0CBA677228FD4C0700377DF1 /* Products */;
			projectDirPath = "";
			projectRoot = "";
			targets = (
				0CBA677028FD4C0700377DF1 /* MZCryptoApp */,
			);
		};
/* End PBXProject section */

/* Begin PBXResourcesBuildPhase section */
		0CBA676F28FD4C0700377DF1 /* Resources */ = {
			isa = PBXResourcesBuildPhase;
			buildActionMask = 2147483647;
			files = (
				0CBA677C28FD4C0B00377DF1 /* Preview Assets.xcassets in Resources */,
				0CBA677928FD4C0B00377DF1 /* Assets.xcassets in Resources */,
			);
			runOnlyForDeploymentPostprocessing = 0;
		};
/* End PBXResourcesBuildPhase section */

/* Begin PBXSourcesBuildPhase section */
		0CBA676D28FD4C0700377DF1 /* Sources */ = {
			isa = PBXSourcesBuildPhase;
			buildActionMask = 2147483647;
			files = (
				0C9082E428FD65EE00538463 /* CoinRowView.swift in Sources */,
				0C9082E128FD647B00538463 /* StatisticModel.swift in Sources */,
				0C9082EE28FD694400538463 /* Double.swift in Sources */,
				0C9082CA28FD4F1900538463 /* ColorExtension.swift in Sources */,
				0C9082ED28FD694400538463 /* UIApplication.swift in Sources */,
				0C9082D028FD53C700538463 /* HomeView.swift in Sources */,
				0C9082EF28FD694400538463 /* Date.swift in Sources */,
				0CBA677728FD4C0700377DF1 /* ContentView.swift in Sources */,
				0C9082D428FD54CF00538463 /* CircleButtonView.swift in Sources */,
				0CBA677528FD4C0700377DF1 /* MZCryptoAppApp.swift in Sources */,
				0C9082E028FD647B00538463 /* PortfolioContainer.xcdatamodeld in Sources */,
				0C9082E228FD647B00538463 /* CoinDetailModel.swift in Sources */,
				0C9082F028FD694400538463 /* String.swift in Sources */,
				0C9082E828FD66A200538463 /* HomeViewModel.swift in Sources */,
				0C9082D628FD5A1200538463 /* CircleButtonAnimationView.swift in Sources */,
				0C9082DE28FD647B00538463 /* CoinModel.swift in Sources */,
				0C9082DF28FD647B00538463 /* MarketDataModel.swift in Sources */,
				0C9082E628FD663300538463 /* PreviewProvider.swift in Sources */,
			);
			runOnlyForDeploymentPostprocessing = 0;
		};
/* End PBXSourcesBuildPhase section */

/* Begin XCBuildConfiguration section */
		0CBA677D28FD4C0B00377DF1 /* Debug */ = {
			isa = XCBuildConfiguration;
			buildSettings = {
				ALWAYS_SEARCH_USER_PATHS = NO;
				CLANG_ANALYZER_NONNULL = YES;
				CLANG_ANALYZER_NUMBER_OBJECT_CONVERSION = YES_AGGRESSIVE;
				CLANG_CXX_LANGUAGE_STANDARD = "gnu++20";
				CLANG_ENABLE_MODULES = YES;
				CLANG_ENABLE_OBJC_ARC = YES;
				CLANG_ENABLE_OBJC_WEAK = YES;
				CLANG_WARN_BLOCK_CAPTURE_AUTORELEASING = YES;
				CLANG_WARN_BOOL_CONVERSION = YES;
				CLANG_WARN_COMMA = YES;
				CLANG_WARN_CONSTANT_CONVERSION = YES;
				CLANG_WARN_DEPRECATED_OBJC_IMPLEMENTATIONS = YES;
				CLANG_WARN_DIRECT_OBJC_ISA_USAGE = YES_ERROR;
				CLANG_WARN_DOCUMENTATION_COMMENTS = YES;
				CLANG_WARN_EMPTY_BODY = YES;
				CLANG_WARN_ENUM_CONVERSION = YES;
				CLANG_WARN_INFINITE_RECURSION = YES;
				CLANG_WARN_INT_CONVERSION = YES;
				CLANG_WARN_NON_LITERAL_NULL_CONVERSION = YES;
				CLANG_WARN_OBJC_IMPLICIT_RETAIN_SELF = YES;
				CLANG_WARN_OBJC_LITERAL_CONVERSION = YES;
				CLANG_WARN_OBJC_ROOT_CLASS = YES_ERROR;
				CLANG_WARN_QUOTED_INCLUDE_IN_FRAMEWORK_HEADER = YES;
				CLANG_WARN_RANGE_LOOP_ANALYSIS = YES;
				CLANG_WARN_STRICT_PROTOTYPES = YES;
				CLANG_WARN_SUSPICIOUS_MOVE = YES;
				CLANG_WARN_UNGUARDED_AVAILABILITY = YES_AGGRESSIVE;
				CLANG_WARN_UNREACHABLE_CODE = YES;
				CLANG_WARN__DUPLICATE_METHOD_MATCH = YES;
				COPY_PHASE_STRIP = NO;
				DEBUG_INFORMATION_FORMAT = dwarf;
				ENABLE_STRICT_OBJC_MSGSEND = YES;
				ENABLE_TESTABILITY = YES;
				GCC_C_LANGUAGE_STANDARD = gnu11;
				GCC_DYNAMIC_NO_PIC = NO;
				GCC_NO_COMMON_BLOCKS = YES;
				GCC_OPTIMIZATION_LEVEL = 0;
				GCC_PREPROCESSOR_DEFINITIONS = (
					"DEBUG=1",
					"$(inherited)",
				);
				GCC_WARN_64_TO_32_BIT_CONVERSION = YES;
				GCC_WARN_ABOUT_RETURN_TYPE = YES_ERROR;
				GCC_WARN_UNDECLARED_SELECTOR = YES;
				GCC_WARN_UNINITIALIZED_AUTOS = YES_AGGRESSIVE;
				GCC_WARN_UNUSED_FUNCTION = YES;
				GCC_WARN_UNUSED_VARIABLE = YES;
				IPHONEOS_DEPLOYMENT_TARGET = 16.0;
				MTL_ENABLE_DEBUG_INFO = INCLUDE_SOURCE;
				MTL_FAST_MATH = YES;
				ONLY_ACTIVE_ARCH = YES;
				SDKROOT = iphoneos;
				SWIFT_ACTIVE_COMPILATION_CONDITIONS = DEBUG;
				SWIFT_OPTIMIZATION_LEVEL = "-Onone";
			};
			name = Debug;
		};
		0CBA677E28FD4C0B00377DF1 /* Release */ = {
			isa = XCBuildConfiguration;
			buildSettings = {
				ALWAYS_SEARCH_USER_PATHS = NO;
				CLANG_ANALYZER_NONNULL = YES;
				CLANG_ANALYZER_NUMBER_OBJECT_CONVERSION = YES_AGGRESSIVE;
				CLANG_CXX_LANGUAGE_STANDARD = "gnu++20";
				CLANG_ENABLE_MODULES = YES;
				CLANG_ENABLE_OBJC_ARC = YES;
				CLANG_ENABLE_OBJC_WEAK = YES;
				CLANG_WARN_BLOCK_CAPTURE_AUTORELEASING = YES;
				CLANG_WARN_BOOL_CONVERSION = YES;
				CLANG_WARN_COMMA = YES;
				CLANG_WARN_CONSTANT_CONVERSION = YES;
				CLANG_WARN_DEPRECATED_OBJC_IMPLEMENTATIONS = YES;
				CLANG_WARN_DIRECT_OBJC_ISA_USAGE = YES_ERROR;
				CLANG_WARN_DOCUMENTATION_COMMENTS = YES;
				CLANG_WARN_EMPTY_BODY = YES;
				CLANG_WARN_ENUM_CONVERSION = YES;
				CLANG_WARN_INFINITE_RECURSION = YES;
				CLANG_WARN_INT_CONVERSION = YES;
				CLANG_WARN_NON_LITERAL_NULL_CONVERSION = YES;
				CLANG_WARN_OBJC_IMPLICIT_RETAIN_SELF = YES;
				CLANG_WARN_OBJC_LITERAL_CONVERSION = YES;
				CLANG_WARN_OBJC_ROOT_CLASS = YES_ERROR;
				CLANG_WARN_QUOTED_INCLUDE_IN_FRAMEWORK_HEADER = YES;
				CLANG_WARN_RANGE_LOOP_ANALYSIS = YES;
				CLANG_WARN_STRICT_PROTOTYPES = YES;
				CLANG_WARN_SUSPICIOUS_MOVE = YES;
				CLANG_WARN_UNGUARDED_AVAILABILITY = YES_AGGRESSIVE;
				CLANG_WARN_UNREACHABLE_CODE = YES;
				CLANG_WARN__DUPLICATE_METHOD_MATCH = YES;
				COPY_PHASE_STRIP = NO;
				DEBUG_INFORMATION_FORMAT = "dwarf-with-dsym";
				ENABLE_NS_ASSERTIONS = NO;
				ENABLE_STRICT_OBJC_MSGSEND = YES;
				GCC_C_LANGUAGE_STANDARD = gnu11;
				GCC_NO_COMMON_BLOCKS = YES;
				GCC_WARN_64_TO_32_BIT_CONVERSION = YES;
				GCC_WARN_ABOUT_RETURN_TYPE = YES_ERROR;
				GCC_WARN_UNDECLARED_SELECTOR = YES;
				GCC_WARN_UNINITIALIZED_AUTOS = YES_AGGRESSIVE;
				GCC_WARN_UNUSED_FUNCTION = YES;
				GCC_WARN_UNUSED_VARIABLE = YES;
				IPHONEOS_DEPLOYMENT_TARGET = 16.0;
				MTL_ENABLE_DEBUG_INFO = NO;
				MTL_FAST_MATH = YES;
				SDKROOT = iphoneos;
				SWIFT_COMPILATION_MODE = wholemodule;
				SWIFT_OPTIMIZATION_LEVEL = "-O";
				VALIDATE_PRODUCT = YES;
			};
			name = Release;
		};
		0CBA678028FD4C0B00377DF1 /* Debug */ = {
			isa = XCBuildConfiguration;
			buildSettings = {
				ASSETCATALOG_COMPILER_APPICON_NAME = AppIcon;
				ASSETCATALOG_COMPILER_GLOBAL_ACCENT_COLOR_NAME = AccentColor;
				CODE_SIGN_STYLE = Automatic;
				CURRENT_PROJECT_VERSION = 1;
				DEVELOPMENT_ASSET_PATHS = "\"MZCryptoApp/Preview Content\"";
				DEVELOPMENT_TEAM = 2CVQ397APV;
				ENABLE_PREVIEWS = YES;
				GENERATE_INFOPLIST_FILE = YES;
				INFOPLIST_KEY_UIApplicationSceneManifest_Generation = YES;
				INFOPLIST_KEY_UIApplicationSupportsIndirectInputEvents = YES;
				INFOPLIST_KEY_UILaunchScreen_Generation = YES;
				INFOPLIST_KEY_UISupportedInterfaceOrientations = UIInterfaceOrientationPortrait;
				IPHONEOS_DEPLOYMENT_TARGET = 16.0;
				LD_RUNPATH_SEARCH_PATHS = (
					"$(inherited)",
					"@executable_path/Frameworks",
				);
				MARKETING_VERSION = 1.0;
				PRODUCT_BUNDLE_IDENTIFIER = com.mahmoudzinji.MZCryptoApp;
				PRODUCT_NAME = "$(TARGET_NAME)";
				SWIFT_EMIT_LOC_STRINGS = YES;
				SWIFT_VERSION = 5.0;
				TARGETED_DEVICE_FAMILY = "1,2";
			};
			name = Debug;
		};
		0CBA678128FD4C0B00377DF1 /* Release */ = {
			isa = XCBuildConfiguration;
			buildSettings = {
				ASSETCATALOG_COMPILER_APPICON_NAME = AppIcon;
				ASSETCATALOG_COMPILER_GLOBAL_ACCENT_COLOR_NAME = AccentColor;
				CODE_SIGN_STYLE = Automatic;
				CURRENT_PROJECT_VERSION = 1;
				DEVELOPMENT_ASSET_PATHS = "\"MZCryptoApp/Preview Content\"";
				DEVELOPMENT_TEAM = 2CVQ397APV;
				ENABLE_PREVIEWS = YES;
				GENERATE_INFOPLIST_FILE = YES;
				INFOPLIST_KEY_UIApplicationSceneManifest_Generation = YES;
				INFOPLIST_KEY_UIApplicationSupportsIndirectInputEvents = YES;
				INFOPLIST_KEY_UILaunchScreen_Generation = YES;
				INFOPLIST_KEY_UISupportedInterfaceOrientations = UIInterfaceOrientationPortrait;
				IPHONEOS_DEPLOYMENT_TARGET = 16.0;
				LD_RUNPATH_SEARCH_PATHS = (
					"$(inherited)",
					"@executable_path/Frameworks",
				);
				MARKETING_VERSION = 1.0;
				PRODUCT_BUNDLE_IDENTIFIER = com.mahmoudzinji.MZCryptoApp;
				PRODUCT_NAME = "$(TARGET_NAME)";
				SWIFT_EMIT_LOC_STRINGS = YES;
				SWIFT_VERSION = 5.0;
				TARGETED_DEVICE_FAMILY = "1,2";
			};
			name = Release;
		};
/* End XCBuildConfiguration section */

/* Begin XCConfigurationList section */
		0CBA676C28FD4C0700377DF1 /* Build configuration list for PBXProject "MZCryptoApp" */ = {
			isa = XCConfigurationList;
			buildConfigurations = (
				0CBA677D28FD4C0B00377DF1 /* Debug */,
				0CBA677E28FD4C0B00377DF1 /* Release */,
			);
			defaultConfigurationIsVisible = 0;
			defaultConfigurationName = Release;
		};
		0CBA677F28FD4C0B00377DF1 /* Build configuration list for PBXNativeTarget "MZCryptoApp" */ = {
			isa = XCConfigurationList;
			buildConfigurations = (
				0CBA678028FD4C0B00377DF1 /* Debug */,
				0CBA678128FD4C0B00377DF1 /* Release */,
			);
			defaultConfigurationIsVisible = 0;
			defaultConfigurationName = Release;
		};
/* End XCConfigurationList section */

/* Begin XCVersionGroup section */
		0C9082DA28FD647B00538463 /* PortfolioContainer.xcdatamodeld */ = {
			isa = XCVersionGroup;
			children = (
				0C9082DB28FD647B00538463 /* PortfolioContainer.xcdatamodel */,
			);
			currentVersion = 0C9082DB28FD647B00538463 /* PortfolioContainer.xcdatamodel */;
			path = PortfolioContainer.xcdatamodeld;
			sourceTree = "<group>";
			versionGroupType = wrapper.xcdatamodel;
		};
/* End XCVersionGroup section */
	};
	rootObject = 0CBA676928FD4C0700377DF1 /* Project object */;
}
